
Microsoft Visual Studio Solution File, Format Version 12.00
# Visual Studio Version 17
VisualStudioVersion = 17.0.32112.339
MinimumVisualStudioVersion = 10.0.40219.1
Project("{FAE04EC0-301F-11D3-BF4B-00C04F79EFBC}") = "FactorysAndTrucks", "FactorysAndTrucks\FactorysAndTrucks.csproj", "{2AF5A106-DE81-42AD-8FB2-E13946E730DE}"
EndProject
Project("{FAE04EC0-301F-11D3-BF4B-00C04F79EFBC}") = "FactorysAndTrucks.Tests", "Tests\FactorysAndTrucks.Tests\FactorysAndTrucks.Tests.csproj", "{A8B8DEF7-ED3C-42A9-A51E-8C0C65075CCA}"
EndProject
Global
	GlobalSection(SolutionConfigurationPlatforms) = preSolution
		Debug|Any CPU = Debug|Any CPU
		Release|Any CPU = Release|Any CPU
	EndGlobalSection
	GlobalSection(ProjectConfigurationPlatforms) = postSolution
		{2AF5A106-DE81-42AD-8FB2-E13946E730DE}.Debug|Any CPU.ActiveCfg = Debug|Any CPU
		{2AF5A106-DE81-42AD-8FB2-E13946E730DE}.Debug|Any CPU.Build.0 = Debug|Any CPU
		{2AF5A106-DE81-42AD-8FB2-E13946E730DE}.Release|Any CPU.ActiveCfg = Release|Any CPU
		{2AF5A106-DE81-42AD-8FB2-E13946E730DE}.Release|Any CPU.Build.0 = Release|Any CPU
		{A8B8DEF7-ED3C-42A9-A51E-8C0C65075CCA}.Debug|Any CPU.ActiveCfg = Debug|Any CPU
		{A8B8DEF7-ED3C-42A9-A51E-8C0C65075CCA}.Debug|Any CPU.Build.0 = Debug|Any CPU
		{A8B8DEF7-ED3C-42A9-A51E-8C0C65075CCA}.Release|Any CPU.ActiveCfg = Release|Any CPU
		{A8B8DEF7-ED3C-42A9-A51E-8C0C65075CCA}.Release|Any CPU.Build.0 = Release|Any CPU
	EndGlobalSection
	GlobalSection(SolutionProperties) = preSolution
		HideSolutionNode = FALSE
	EndGlobalSection
	GlobalSection(ExtensibilityGlobals) = postSolution
		SolutionGuid = {386E40B7-7BEE-4466-AA16-BAFB4CC0CCA4}
	EndGlobalSection
EndGlobal
